// !$*UTF8*$!
{
	archiveVersion = 1;
	classes = {
	};
	objectVersion = 46;
	objects = {

/* Begin PBXBuildFile section */
		6D0A78181D3526960003EA8E /* main.m in Sources */ = {isa = PBXBuildFile; fileRef = 6D0A78171D3526960003EA8E /* main.m */; };
		6D0A781B1D3526960003EA8E /* AppDelegate.m in Sources */ = {isa = PBXBuildFile; fileRef = 6D0A781A1D3526960003EA8E /* AppDelegate.m */; };
		6D0A781E1D3526960003EA8E /* ViewController.m in Sources */ = {isa = PBXBuildFile; fileRef = 6D0A781D1D3526960003EA8E /* ViewController.m */; };
		6D0A78211D3526960003EA8E /* Main.storyboard in Resources */ = {isa = PBXBuildFile; fileRef = 6D0A781F1D3526960003EA8E /* Main.storyboard */; };
		6D0A78231D3526960003EA8E /* Assets.xcassets in Resources */ = {isa = PBXBuildFile; fileRef = 6D0A78221D3526960003EA8E /* Assets.xcassets */; };
		6D0A78261D3526960003EA8E /* LaunchScreen.storyboard in Resources */ = {isa = PBXBuildFile; fileRef = 6D0A78241D3526960003EA8E /* LaunchScreen.storyboard */; };
		6D0A78301D3526AF0003EA8E /* VolumeBar.m in Sources */ = {isa = PBXBuildFile; fileRef = 6D0A782E1D3526AF0003EA8E /* VolumeBar.m */; };
		6D0A78311D3526AF0003EA8E /* VolumeBar.xib in Resources */ = {isa = PBXBuildFile; fileRef = 6D0A782F1D3526AF0003EA8E /* VolumeBar.xib */; };
		6D0A78341D3526EE0003EA8E /* CustomXibControl.m in Sources */ = {isa = PBXBuildFile; fileRef = 6D0A78331D3526EE0003EA8E /* CustomXibControl.m */; };
		6DB8AD311D3B9B980092FEC5 /* EZAudio.m in Sources */ = {isa = PBXBuildFile; fileRef = 6DB8AD0F1D3B9B980092FEC5 /* EZAudio.m */; };
		6DB8AD321D3B9B980092FEC5 /* EZAudioDevice.m in Sources */ = {isa = PBXBuildFile; fileRef = 6DB8AD111D3B9B980092FEC5 /* EZAudioDevice.m */; };
		6DB8AD331D3B9B980092FEC5 /* EZAudioDisplayLink.m in Sources */ = {isa = PBXBuildFile; fileRef = 6DB8AD131D3B9B980092FEC5 /* EZAudioDisplayLink.m */; };
		6DB8AD341D3B9B980092FEC5 /* EZAudioFFT.m in Sources */ = {isa = PBXBuildFile; fileRef = 6DB8AD151D3B9B980092FEC5 /* EZAudioFFT.m */; };
		6DB8AD351D3B9B980092FEC5 /* EZAudioFile.m in Sources */ = {isa = PBXBuildFile; fileRef = 6DB8AD171D3B9B980092FEC5 /* EZAudioFile.m */; };
		6DB8AD361D3B9B980092FEC5 /* EZAudioFloatConverter.m in Sources */ = {isa = PBXBuildFile; fileRef = 6DB8AD191D3B9B980092FEC5 /* EZAudioFloatConverter.m */; };
		6DB8AD371D3B9B980092FEC5 /* EZAudioFloatData.m in Sources */ = {isa = PBXBuildFile; fileRef = 6DB8AD1B1D3B9B980092FEC5 /* EZAudioFloatData.m */; };
		6DB8AD381D3B9B980092FEC5 /* EZAudioPlayer.m in Sources */ = {isa = PBXBuildFile; fileRef = 6DB8AD1F1D3B9B980092FEC5 /* EZAudioPlayer.m */; };
		6DB8AD391D3B9B980092FEC5 /* EZAudioPlot.m in Sources */ = {isa = PBXBuildFile; fileRef = 6DB8AD211D3B9B980092FEC5 /* EZAudioPlot.m */; };
		6DB8AD3A1D3B9B980092FEC5 /* EZAudioPlotGL.m in Sources */ = {isa = PBXBuildFile; fileRef = 6DB8AD231D3B9B980092FEC5 /* EZAudioPlotGL.m */; };
		6DB8AD3B1D3B9B980092FEC5 /* EZAudioUtilities.m in Sources */ = {isa = PBXBuildFile; fileRef = 6DB8AD251D3B9B980092FEC5 /* EZAudioUtilities.m */; };
		6DB8AD3C1D3B9B980092FEC5 /* EZMicrophone.m in Sources */ = {isa = PBXBuildFile; fileRef = 6DB8AD271D3B9B980092FEC5 /* EZMicrophone.m */; };
		6DB8AD3D1D3B9B980092FEC5 /* EZOutput.m in Sources */ = {isa = PBXBuildFile; fileRef = 6DB8AD291D3B9B980092FEC5 /* EZOutput.m */; };
		6DB8AD3E1D3B9B980092FEC5 /* EZPlot.m in Sources */ = {isa = PBXBuildFile; fileRef = 6DB8AD2B1D3B9B980092FEC5 /* EZPlot.m */; };
		6DB8AD3F1D3B9B980092FEC5 /* EZRecorder.m in Sources */ = {isa = PBXBuildFile; fileRef = 6DB8AD2D1D3B9B980092FEC5 /* EZRecorder.m */; };
		6DB8AD401D3B9B980092FEC5 /* Info.plist in Resources */ = {isa = PBXBuildFile; fileRef = 6DB8AD2E1D3B9B980092FEC5 /* Info.plist */; };
		6DB8AD411D3B9B980092FEC5 /* TPCircularBuffer.c in Sources */ = {isa = PBXBuildFile; fileRef = 6DB8AD2F1D3B9B980092FEC5 /* TPCircularBuffer.c */; };
/* End PBXBuildFile section */

/* Begin PBXFileReference section */
		6D0A78131D3526960003EA8E /* CustomControl.app */ = {isa = PBXFileReference; explicitFileType = wrapper.application; includeInIndex = 0; path = CustomControl.app; sourceTree = BUILT_PRODUCTS_DIR; };
		6D0A78171D3526960003EA8E /* main.m */ = {isa = PBXFileReference; lastKnownFileType = sourcecode.c.objc; path = main.m; sourceTree = "<group>"; };
		6D0A78191D3526960003EA8E /* AppDelegate.h */ = {isa = PBXFileReference; lastKnownFileType = sourcecode.c.h; path = AppDelegate.h; sourceTree = "<group>"; };
		6D0A781A1D3526960003EA8E /* AppDelegate.m */ = {isa = PBXFileReference; lastKnownFileType = sourcecode.c.objc; path = AppDelegate.m; sourceTree = "<group>"; };
		6D0A781C1D3526960003EA8E /* ViewController.h */ = {isa = PBXFileReference; lastKnownFileType = sourcecode.c.h; path = ViewController.h; sourceTree = "<group>"; };
		6D0A781D1D3526960003EA8E /* ViewController.m */ = {isa = PBXFileReference; lastKnownFileType = sourcecode.c.objc; path = ViewController.m; sourceTree = "<group>"; };
		6D0A78201D3526960003EA8E /* Base */ = {isa = PBXFileReference; lastKnownFileType = file.storyboard; name = Base; path = Base.lproj/Main.storyboard; sourceTree = "<group>"; };
		6D0A78221D3526960003EA8E /* Assets.xcassets */ = {isa = PBXFileReference; lastKnownFileType = folder.assetcatalog; path = Assets.xcassets; sourceTree = "<group>"; };
		6D0A78251D3526960003EA8E /* Base */ = {isa = PBXFileReference; lastKnownFileType = file.storyboard; name = Base; path = Base.lproj/LaunchScreen.storyboard; sourceTree = "<group>"; };
		6D0A78271D3526960003EA8E /* Info.plist */ = {isa = PBXFileReference; lastKnownFileType = text.plist.xml; path = Info.plist; sourceTree = "<group>"; };
		6D0A782D1D3526AF0003EA8E /* VolumeBar.h */ = {isa = PBXFileReference; fileEncoding = 4; lastKnownFileType = sourcecode.c.h; name = VolumeBar.h; path = ../VolumeBar.h; sourceTree = "<group>"; };
		6D0A782E1D3526AF0003EA8E /* VolumeBar.m */ = {isa = PBXFileReference; fileEncoding = 4; lastKnownFileType = sourcecode.c.objc; name = VolumeBar.m; path = ../VolumeBar.m; sourceTree = "<group>"; };
		6D0A782F1D3526AF0003EA8E /* VolumeBar.xib */ = {isa = PBXFileReference; fileEncoding = 4; lastKnownFileType = file.xib; name = VolumeBar.xib; path = ../VolumeBar.xib; sourceTree = "<group>"; };
		6D0A78321D3526EE0003EA8E /* CustomXibControl.h */ = {isa = PBXFileReference; fileEncoding = 4; lastKnownFileType = sourcecode.c.h; path = CustomXibControl.h; sourceTree = "<group>"; };
		6D0A78331D3526EE0003EA8E /* CustomXibControl.m */ = {isa = PBXFileReference; fileEncoding = 4; lastKnownFileType = sourcecode.c.objc; path = CustomXibControl.m; sourceTree = "<group>"; };
		6DB8AD0E1D3B9B980092FEC5 /* EZAudio.h */ = {isa = PBXFileReference; fileEncoding = 4; lastKnownFileType = sourcecode.c.h; path = EZAudio.h; sourceTree = "<group>"; };
		6DB8AD0F1D3B9B980092FEC5 /* EZAudio.m */ = {isa = PBXFileReference; fileEncoding = 4; lastKnownFileType = sourcecode.c.objc; path = EZAudio.m; sourceTree = "<group>"; };
		6DB8AD101D3B9B980092FEC5 /* EZAudioDevice.h */ = {isa = PBXFileReference; fileEncoding = 4; lastKnownFileType = sourcecode.c.h; path = EZAudioDevice.h; sourceTree = "<group>"; };
		6DB8AD111D3B9B980092FEC5 /* EZAudioDevice.m */ = {isa = PBXFileReference; fileEncoding = 4; lastKnownFileType = sourcecode.c.objc; path = EZAudioDevice.m; sourceTree = "<group>"; };
		6DB8AD121D3B9B980092FEC5 /* EZAudioDisplayLink.h */ = {isa = PBXFileReference; fileEncoding = 4; lastKnownFileType = sourcecode.c.h; path = EZAudioDisplayLink.h; sourceTree = "<group>"; };
		6DB8AD131D3B9B980092FEC5 /* EZAudioDisplayLink.m */ = {isa = PBXFileReference; fileEncoding = 4; lastKnownFileType = sourcecode.c.objc; path = EZAudioDisplayLink.m; sourceTree = "<group>"; };
		6DB8AD141D3B9B980092FEC5 /* EZAudioFFT.h */ = {isa = PBXFileReference; fileEncoding = 4; lastKnownFileType = sourcecode.c.h; path = EZAudioFFT.h; sourceTree = "<group>"; };
		6DB8AD151D3B9B980092FEC5 /* EZAudioFFT.m */ = {isa = PBXFileReference; fileEncoding = 4; lastKnownFileType = sourcecode.c.objc; path = EZAudioFFT.m; sourceTree = "<group>"; };
		6DB8AD161D3B9B980092FEC5 /* EZAudioFile.h */ = {isa = PBXFileReference; fileEncoding = 4; lastKnownFileType = sourcecode.c.h; path = EZAudioFile.h; sourceTree = "<group>"; };
		6DB8AD171D3B9B980092FEC5 /* EZAudioFile.m */ = {isa = PBXFileReference; fileEncoding = 4; lastKnownFileType = sourcecode.c.objc; path = EZAudioFile.m; sourceTree = "<group>"; };
		6DB8AD181D3B9B980092FEC5 /* EZAudioFloatConverter.h */ = {isa = PBXFileReference; fileEncoding = 4; lastKnownFileType = sourcecode.c.h; path = EZAudioFloatConverter.h; sourceTree = "<group>"; };
		6DB8AD191D3B9B980092FEC5 /* EZAudioFloatConverter.m */ = {isa = PBXFileReference; fileEncoding = 4; lastKnownFileType = sourcecode.c.objc; path = EZAudioFloatConverter.m; sourceTree = "<group>"; };
		6DB8AD1A1D3B9B980092FEC5 /* EZAudioFloatData.h */ = {isa = PBXFileReference; fileEncoding = 4; lastKnownFileType = sourcecode.c.h; path = EZAudioFloatData.h; sourceTree = "<group>"; };
		6DB8AD1B1D3B9B980092FEC5 /* EZAudioFloatData.m */ = {isa = PBXFileReference; fileEncoding = 4; lastKnownFileType = sourcecode.c.objc; path = EZAudioFloatData.m; sourceTree = "<group>"; };
		6DB8AD1C1D3B9B980092FEC5 /* EZAudioiOS.h */ = {isa = PBXFileReference; fileEncoding = 4; lastKnownFileType = sourcecode.c.h; path = EZAudioiOS.h; sourceTree = "<group>"; };
		6DB8AD1D1D3B9B980092FEC5 /* EZAudioOSX.h */ = {isa = PBXFileReference; fileEncoding = 4; lastKnownFileType = sourcecode.c.h; path = EZAudioOSX.h; sourceTree = "<group>"; };
		6DB8AD1E1D3B9B980092FEC5 /* EZAudioPlayer.h */ = {isa = PBXFileReference; fileEncoding = 4; lastKnownFileType = sourcecode.c.h; path = EZAudioPlayer.h; sourceTree = "<group>"; };
		6DB8AD1F1D3B9B980092FEC5 /* EZAudioPlayer.m */ = {isa = PBXFileReference; fileEncoding = 4; lastKnownFileType = sourcecode.c.objc; path = EZAudioPlayer.m; sourceTree = "<group>"; };
		6DB8AD201D3B9B980092FEC5 /* EZAudioPlot.h */ = {isa = PBXFileReference; fileEncoding = 4; lastKnownFileType = sourcecode.c.h; path = EZAudioPlot.h; sourceTree = "<group>"; };
		6DB8AD211D3B9B980092FEC5 /* EZAudioPlot.m */ = {isa = PBXFileReference; fileEncoding = 4; lastKnownFileType = sourcecode.c.objc; path = EZAudioPlot.m; sourceTree = "<group>"; };
		6DB8AD221D3B9B980092FEC5 /* EZAudioPlotGL.h */ = {isa = PBXFileReference; fileEncoding = 4; lastKnownFileType = sourcecode.c.h; path = EZAudioPlotGL.h; sourceTree = "<group>"; };
		6DB8AD231D3B9B980092FEC5 /* EZAudioPlotGL.m */ = {isa = PBXFileReference; fileEncoding = 4; lastKnownFileType = sourcecode.c.objc; path = EZAudioPlotGL.m; sourceTree = "<group>"; };
		6DB8AD241D3B9B980092FEC5 /* EZAudioUtilities.h */ = {isa = PBXFileReference; fileEncoding = 4; lastKnownFileType = sourcecode.c.h; path = EZAudioUtilities.h; sourceTree = "<group>"; };
		6DB8AD251D3B9B980092FEC5 /* EZAudioUtilities.m */ = {isa = PBXFileReference; fileEncoding = 4; lastKnownFileType = sourcecode.c.objc; path = EZAudioUtilities.m; sourceTree = "<group>"; };
		6DB8AD261D3B9B980092FEC5 /* EZMicrophone.h */ = {isa = PBXFileReference; fileEncoding = 4; lastKnownFileType = sourcecode.c.h; path = EZMicrophone.h; sourceTree = "<group>"; };
		6DB8AD271D3B9B980092FEC5 /* EZMicrophone.m */ = {isa = PBXFileReference; fileEncoding = 4; lastKnownFileType = sourcecode.c.objc; path = EZMicrophone.m; sourceTree = "<group>"; };
		6DB8AD281D3B9B980092FEC5 /* EZOutput.h */ = {isa = PBXFileReference; fileEncoding = 4; lastKnownFileType = sourcecode.c.h; path = EZOutput.h; sourceTree = "<group>"; };
		6DB8AD291D3B9B980092FEC5 /* EZOutput.m */ = {isa = PBXFileReference; fileEncoding = 4; lastKnownFileType = sourcecode.c.objc; path = EZOutput.m; sourceTree = "<group>"; };
		6DB8AD2A1D3B9B980092FEC5 /* EZPlot.h */ = {isa = PBXFileReference; fileEncoding = 4; lastKnownFileType = sourcecode.c.h; path = EZPlot.h; sourceTree = "<group>"; };
		6DB8AD2B1D3B9B980092FEC5 /* EZPlot.m */ = {isa = PBXFileReference; fileEncoding = 4; lastKnownFileType = sourcecode.c.objc; path = EZPlot.m; sourceTree = "<group>"; };
		6DB8AD2C1D3B9B980092FEC5 /* EZRecorder.h */ = {isa = PBXFileReference; fileEncoding = 4; lastKnownFileType = sourcecode.c.h; path = EZRecorder.h; sourceTree = "<group>"; };
		6DB8AD2D1D3B9B980092FEC5 /* EZRecorder.m */ = {isa = PBXFileReference; fileEncoding = 4; lastKnownFileType = sourcecode.c.objc; path = EZRecorder.m; sourceTree = "<group>"; };
		6DB8AD2E1D3B9B980092FEC5 /* Info.plist */ = {isa = PBXFileReference; fileEncoding = 4; lastKnownFileType = text.plist.xml; path = Info.plist; sourceTree = "<group>"; };
		6DB8AD2F1D3B9B980092FEC5 /* TPCircularBuffer.c */ = {isa = PBXFileReference; fileEncoding = 4; lastKnownFileType = sourcecode.c.c; path = TPCircularBuffer.c; sourceTree = "<group>"; };
		6DB8AD301D3B9B980092FEC5 /* TPCircularBuffer.h */ = {isa = PBXFileReference; fileEncoding = 4; lastKnownFileType = sourcecode.c.h; path = TPCircularBuffer.h; sourceTree = "<group>"; };
/* End PBXFileReference section */

/* Begin PBXFrameworksBuildPhase section */
		6D0A78101D3526960003EA8E /* Frameworks */ = {
			isa = PBXFrameworksBuildPhase;
			buildActionMask = 2147483647;
			files = (
			);
			runOnlyForDeploymentPostprocessing = 0;
		};
/* End PBXFrameworksBuildPhase section */

/* Begin PBXGroup section */
		6D0A780A1D3526960003EA8E = {
			isa = PBXGroup;
			children = (
				6D0A78151D3526960003EA8E /* CustomControl */,
				6D0A78141D3526960003EA8E /* Products */,
			);
			sourceTree = "<group>";
		};
		6D0A78141D3526960003EA8E /* Products */ = {
			isa = PBXGroup;
			children = (
				6D0A78131D3526960003EA8E /* CustomControl.app */,
			);
			name = Products;
			sourceTree = "<group>";
		};
		6D0A78151D3526960003EA8E /* CustomControl */ = {
			isa = PBXGroup;
			children = (
				6DB8AD0D1D3B9B980092FEC5 /* EZAudio */,
				6D0A78321D3526EE0003EA8E /* CustomXibControl.h */,
				6D0A78331D3526EE0003EA8E /* CustomXibControl.m */,
				6D0A782D1D3526AF0003EA8E /* VolumeBar.h */,
				6D0A782E1D3526AF0003EA8E /* VolumeBar.m */,
				6D0A782F1D3526AF0003EA8E /* VolumeBar.xib */,
				6D0A78191D3526960003EA8E /* AppDelegate.h */,
				6D0A781A1D3526960003EA8E /* AppDelegate.m */,
				6D0A781C1D3526960003EA8E /* ViewController.h */,
				6D0A781D1D3526960003EA8E /* ViewController.m */,
				6D0A781F1D3526960003EA8E /* Main.storyboard */,
				6D0A78221D3526960003EA8E /* Assets.xcassets */,
				6D0A78241D3526960003EA8E /* LaunchScreen.storyboard */,
				6D0A78271D3526960003EA8E /* Info.plist */,
				6D0A78161D3526960003EA8E /* Supporting Files */,
			);
			path = CustomControl;
			sourceTree = "<group>";
		};
		6D0A78161D3526960003EA8E /* Supporting Files */ = {
			isa = PBXGroup;
			children = (
				6D0A78171D3526960003EA8E /* main.m */,
			);
			name = "Supporting Files";
			sourceTree = "<group>";
		};
		6DB8AD0D1D3B9B980092FEC5 /* EZAudio */ = {
			isa = PBXGroup;
			children = (
				6DB8AD0E1D3B9B980092FEC5 /* EZAudio.h */,
				6DB8AD0F1D3B9B980092FEC5 /* EZAudio.m */,
				6DB8AD101D3B9B980092FEC5 /* EZAudioDevice.h */,
				6DB8AD111D3B9B980092FEC5 /* EZAudioDevice.m */,
				6DB8AD121D3B9B980092FEC5 /* EZAudioDisplayLink.h */,
				6DB8AD131D3B9B980092FEC5 /* EZAudioDisplayLink.m */,
				6DB8AD141D3B9B980092FEC5 /* EZAudioFFT.h */,
				6DB8AD151D3B9B980092FEC5 /* EZAudioFFT.m */,
				6DB8AD161D3B9B980092FEC5 /* EZAudioFile.h */,
				6DB8AD171D3B9B980092FEC5 /* EZAudioFile.m */,
				6DB8AD181D3B9B980092FEC5 /* EZAudioFloatConverter.h */,
				6DB8AD191D3B9B980092FEC5 /* EZAudioFloatConverter.m */,
				6DB8AD1A1D3B9B980092FEC5 /* EZAudioFloatData.h */,
				6DB8AD1B1D3B9B980092FEC5 /* EZAudioFloatData.m */,
				6DB8AD1C1D3B9B980092FEC5 /* EZAudioiOS.h */,
				6DB8AD1D1D3B9B980092FEC5 /* EZAudioOSX.h */,
				6DB8AD1E1D3B9B980092FEC5 /* EZAudioPlayer.h */,
				6DB8AD1F1D3B9B980092FEC5 /* EZAudioPlayer.m */,
				6DB8AD201D3B9B980092FEC5 /* EZAudioPlot.h */,
				6DB8AD211D3B9B980092FEC5 /* EZAudioPlot.m */,
				6DB8AD221D3B9B980092FEC5 /* EZAudioPlotGL.h */,
				6DB8AD231D3B9B980092FEC5 /* EZAudioPlotGL.m */,
				6DB8AD241D3B9B980092FEC5 /* EZAudioUtilities.h */,
				6DB8AD251D3B9B980092FEC5 /* EZAudioUtilities.m */,
				6DB8AD261D3B9B980092FEC5 /* EZMicrophone.h */,
				6DB8AD271D3B9B980092FEC5 /* EZMicrophone.m */,
				6DB8AD281D3B9B980092FEC5 /* EZOutput.h */,
				6DB8AD291D3B9B980092FEC5 /* EZOutput.m */,
				6DB8AD2A1D3B9B980092FEC5 /* EZPlot.h */,
				6DB8AD2B1D3B9B980092FEC5 /* EZPlot.m */,
				6DB8AD2C1D3B9B980092FEC5 /* EZRecorder.h */,
				6DB8AD2D1D3B9B980092FEC5 /* EZRecorder.m */,
				6DB8AD2E1D3B9B980092FEC5 /* Info.plist */,
				6DB8AD2F1D3B9B980092FEC5 /* TPCircularBuffer.c */,
				6DB8AD301D3B9B980092FEC5 /* TPCircularBuffer.h */,
			);
			path = EZAudio;
			sourceTree = "<group>";
		};
/* End PBXGroup section */

/* Begin PBXNativeTarget section */
		6D0A78121D3526960003EA8E /* CustomControl */ = {
			isa = PBXNativeTarget;
			buildConfigurationList = 6D0A782A1D3526960003EA8E /* Build configuration list for PBXNativeTarget "CustomControl" */;
			buildPhases = (
				6D0A780F1D3526960003EA8E /* Sources */,
				6D0A78101D3526960003EA8E /* Frameworks */,
				6D0A78111D3526960003EA8E /* Resources */,
			);
			buildRules = (
			);
			dependencies = (
			);
			name = CustomControl;
			productName = CustomControl;
			productReference = 6D0A78131D3526960003EA8E /* CustomControl.app */;
			productType = "com.apple.product-type.application";
		};
/* End PBXNativeTarget section */

/* Begin PBXProject section */
		6D0A780B1D3526960003EA8E /* Project object */ = {
			isa = PBXProject;
			attributes = {
				LastUpgradeCheck = 0730;
				ORGANIZATIONNAME = FlySoFast;
				TargetAttributes = {
					6D0A78121D3526960003EA8E = {
						CreatedOnToolsVersion = 7.3.1;
					};
				};
			};
			buildConfigurationList = 6D0A780E1D3526960003EA8E /* Build configuration list for PBXProject "CustomControl" */;
			compatibilityVersion = "Xcode 3.2";
			developmentRegion = English;
			hasScannedForEncodings = 0;
			knownRegions = (
				en,
				Base,
			);
			mainGroup = 6D0A780A1D3526960003EA8E;
			productRefGroup = 6D0A78141D3526960003EA8E /* Products */;
			projectDirPath = "";
			projectRoot = "";
			targets = (
				6D0A78121D3526960003EA8E /* CustomControl */,
			);
		};
/* End PBXProject section */

/* Begin PBXResourcesBuildPhase section */
		6D0A78111D3526960003EA8E /* Resources */ = {
			isa = PBXResourcesBuildPhase;
			buildActionMask = 2147483647;
			files = (
				6D0A78261D3526960003EA8E /* LaunchScreen.storyboard in Resources */,
				6D0A78231D3526960003EA8E /* Assets.xcassets in Resources */,
				6D0A78211D3526960003EA8E /* Main.storyboard in Resources */,
				6DB8AD401D3B9B980092FEC5 /* Info.plist in Resources */,
				6D0A78311D3526AF0003EA8E /* VolumeBar.xib in Resources */,
			);
			runOnlyForDeploymentPostprocessing = 0;
		};
/* End PBXResourcesBuildPhase section */

/* Begin PBXSourcesBuildPhase section */
		6D0A780F1D3526960003EA8E /* Sources */ = {
			isa = PBXSourcesBuildPhase;
			buildActionMask = 2147483647;
			files = (
				6DB8AD411D3B9B980092FEC5 /* TPCircularBuffer.c in Sources */,
				6D0A781E1D3526960003EA8E /* ViewController.m in Sources */,
				6DB8AD3D1D3B9B980092FEC5 /* EZOutput.m in Sources */,
				6D0A781B1D3526960003EA8E /* AppDelegate.m in Sources */,
				6DB8AD371D3B9B980092FEC5 /* EZAudioFloatData.m in Sources */,
				6D0A78181D3526960003EA8E /* main.m in Sources */,
				6DB8AD341D3B9B980092FEC5 /* EZAudioFFT.m in Sources */,
				6DB8AD3A1D3B9B980092FEC5 /* EZAudioPlotGL.m in Sources */,
				6DB8AD311D3B9B980092FEC5 /* EZAudio.m in Sources */,
				6DB8AD331D3B9B980092FEC5 /* EZAudioDisplayLink.m in Sources */,
				6D0A78341D3526EE0003EA8E /* CustomXibControl.m in Sources */,
				6DB8AD351D3B9B980092FEC5 /* EZAudioFile.m in Sources */,
				6DB8AD3B1D3B9B980092FEC5 /* EZAudioUtilities.m in Sources */,
				6DB8AD361D3B9B980092FEC5 /* EZAudioFloatConverter.m in Sources */,
				6DB8AD3C1D3B9B980092FEC5 /* EZMicrophone.m in Sources */,
				6DB8AD391D3B9B980092FEC5 /* EZAudioPlot.m in Sources */,
				6D0A78301D3526AF0003EA8E /* VolumeBar.m in Sources */,
				6DB8AD3F1D3B9B980092FEC5 /* EZRecorder.m in Sources */,
				6DB8AD381D3B9B980092FEC5 /* EZAudioPlayer.m in Sources */,
				6DB8AD3E1D3B9B980092FEC5 /* EZPlot.m in Sources */,
				6DB8AD321D3B9B980092FEC5 /* EZAudioDevice.m in Sources */,
			);
			runOnlyForDeploymentPostprocessing = 0;
		};
/* End PBXSourcesBuildPhase section */

/* Begin PBXVariantGroup section */
		6D0A781F1D3526960003EA8E /* Main.storyboard */ = {
			isa = PBXVariantGroup;
			children = (
				6D0A78201D3526960003EA8E /* Base */,
			);
			name = Main.storyboard;
			sourceTree = "<group>";
		};
		6D0A78241D3526960003EA8E /* LaunchScreen.storyboard */ = {
			isa = PBXVariantGroup;
			children = (
				6D0A78251D3526960003EA8E /* Base */,
			);
			name = LaunchScreen.storyboard;
			sourceTree = "<group>";
		};
/* End PBXVariantGroup section */

/* Begin XCBuildConfiguration section */
		6D0A78281D3526960003EA8E /* Debug */ = {
			isa = XCBuildConfiguration;
			buildSettings = {
				ALWAYS_SEARCH_USER_PATHS = NO;
				CLANG_ANALYZER_NONNULL = YES;
				CLANG_CXX_LANGUAGE_STANDARD = "gnu++0x";
				CLANG_CXX_LIBRARY = "libc++";
				CLANG_ENABLE_MODULES = YES;
				CLANG_ENABLE_OBJC_ARC = YES;
				CLANG_WARN_BOOL_CONVERSION = YES;
				CLANG_WARN_CONSTANT_CONVERSION = YES;
				CLANG_WARN_DIRECT_OBJC_ISA_USAGE = YES_ERROR;
				CLANG_WARN_EMPTY_BODY = YES;
				CLANG_WARN_ENUM_CONVERSION = YES;
				CLANG_WARN_INT_CONVERSION = YES;
				CLANG_WARN_OBJC_ROOT_CLASS = YES_ERROR;
				CLANG_WARN_UNREACHABLE_CODE = YES;
				CLANG_WARN__DUPLICATE_METHOD_MATCH = YES;
				"CODE_SIGN_IDENTITY[sdk=iphoneos*]" = "iPhone Developer";
				COPY_PHASE_STRIP = NO;
				DEBUG_INFORMATION_FORMAT = dwarf;
				ENABLE_STRICT_OBJC_MSGSEND = YES;
				ENABLE_TESTABILITY = YES;
				GCC_C_LANGUAGE_STANDARD = gnu99;
				GCC_DYNAMIC_NO_PIC = NO;
				GCC_NO_COMMON_BLOCKS = YES;
				GCC_OPTIMIZATION_LEVEL = 0;
				GCC_PREPROCESSOR_DEFINITIONS = (
					"DEBUG=1",
					"$(inherited)",
				);
				GCC_WARN_64_TO_32_BIT_CONVERSION = YES;
				GCC_WARN_ABOUT_RETURN_TYPE = YES_ERROR;
				GCC_WARN_UNDECLARED_SELECTOR = YES;
				GCC_WARN_UNINITIALIZED_AUTOS = YES_AGGRESSIVE;
				GCC_WARN_UNUSED_FUNCTION = YES;
				GCC_WARN_UNUSED_VARIABLE = YES;
				IPHONEOS_DEPLOYMENT_TARGET = 9.3;
				MTL_ENABLE_DEBUG_INFO = YES;
				ONLY_ACTIVE_ARCH = YES;
				SDKROOT = iphoneos;
				TARGETED_DEVICE_FAMILY = "1,2";
			};
			name = Debug;
		};
		6D0A78291D3526960003EA8E /* Release */ = {
			isa = XCBuildConfiguration;
			buildSettings = {
				ALWAYS_SEARCH_USER_PATHS = NO;
				CLANG_ANALYZER_NONNULL = YES;
				CLANG_CXX_LANGUAGE_STANDARD = "gnu++0x";
				CLANG_CXX_LIBRARY = "libc++";
				CLANG_ENABLE_MODULES = YES;
				CLANG_ENABLE_OBJC_ARC = YES;
				CLANG_WARN_BOOL_CONVERSION = YES;
				CLANG_WARN_CONSTANT_CONVERSION = YES;
				CLANG_WARN_DIRECT_OBJC_ISA_USAGE = YES_ERROR;
				CLANG_WARN_EMPTY_BODY = YES;
				CLANG_WARN_ENUM_CONVERSION = YES;
				CLANG_WARN_INT_CONVERSION = YES;
				CLANG_WARN_OBJC_ROOT_CLASS = YES_ERROR;
				CLANG_WARN_UNREACHABLE_CODE = YES;
				CLANG_WARN__DUPLICATE_METHOD_MATCH = YES;
				"CODE_SIGN_IDENTITY[sdk=iphoneos*]" = "iPhone Developer";
				COPY_PHASE_STRIP = NO;
				DEBUG_INFORMATION_FORMAT = "dwarf-with-dsym";
				ENABLE_NS_ASSERTIONS = NO;
				ENABLE_STRICT_OBJC_MSGSEND = YES;
				GCC_C_LANGUAGE_STANDARD = gnu99;
				GCC_NO_COMMON_BLOCKS = YES;
				GCC_WARN_64_TO_32_BIT_CONVERSION = YES;
				GCC_WARN_ABOUT_RETURN_TYPE = YES_ERROR;
				GCC_WARN_UNDECLARED_SELECTOR = YES;
				GCC_WARN_UNINITIALIZED_AUTOS = YES_AGGRESSIVE;
				GCC_WARN_UNUSED_FUNCTION = YES;
				GCC_WARN_UNUSED_VARIABLE = YES;
				IPHONEOS_DEPLOYMENT_TARGET = 9.3;
				MTL_ENABLE_DEBUG_INFO = NO;
				SDKROOT = iphoneos;
				TARGETED_DEVICE_FAMILY = "1,2";
				VALIDATE_PRODUCT = YES;
			};
			name = Release;
		};
		6D0A782B1D3526960003EA8E /* Debug */ = {
			isa = XCBuildConfiguration;
			buildSettings = {
				ASSETCATALOG_COMPILER_APPICON_NAME = AppIcon;
				INFOPLIST_FILE = CustomControl/Info.plist;
				LD_RUNPATH_SEARCH_PATHS = "$(inherited) @executable_path/Frameworks";
				PRODUCT_BUNDLE_IDENTIFIER = com.flysofast.CustomControl;
				PRODUCT_NAME = "$(TARGET_NAME)";
			};
			name = Debug;
		};
		6D0A782C1D3526960003EA8E /* Release */ = {
			isa = XCBuildConfiguration;
			buildSettings = {
				ASSETCATALOG_COMPILER_APPICON_NAME = AppIcon;
				INFOPLIST_FILE = CustomControl/Info.plist;
				LD_RUNPATH_SEARCH_PATHS = "$(inherited) @executable_path/Frameworks";
				PRODUCT_BUNDLE_IDENTIFIER = com.flysofast.CustomControl;
				PRODUCT_NAME = "$(TARGET_NAME)";
			};
			name = Release;
		};
/* End XCBuildConfiguration section */

/* Begin XCConfigurationList section */
		6D0A780E1D3526960003EA8E /* Build configuration list for PBXProject "CustomControl" */ = {
			isa = XCConfigurationList;
			buildConfigurations = (
				6D0A78281D3526960003EA8E /* Debug */,
				6D0A78291D3526960003EA8E /* Release */,
			);
			defaultConfigurationIsVisible = 0;
			defaultConfigurationName = Release;
		};
		6D0A782A1D3526960003EA8E /* Build configuration list for PBXNativeTarget "CustomControl" */ = {
			isa = XCConfigurationList;
			buildConfigurations = (
				6D0A782B1D3526960003EA8E /* Debug */,
				6D0A782C1D3526960003EA8E /* Release */,
			);
			defaultConfigurationIsVisible = 0;
			defaultConfigurationName = Release;
		};
/* End XCConfigurationList section */
	};
	rootObject = 6D0A780B1D3526960003EA8E /* Project object */;
}
